
Microsoft Visual Studio Solution File, Format Version 12.00
# Visual Studio 14
VisualStudioVersion = 14.0.25420.1
MinimumVisualStudioVersion = 10.0.40219.1
Project("{8BC9CEB8-8B4A-11D0-8D11-00A0C91BC942}") = "ConnectFour", "ConnectFour\ConnectFour.vcxproj", "{3E2C7F7C-1FE7-4580-807F-F19AF52E5B76}"
EndProject
Project("{8BC9CEB8-8B4A-11D0-8D11-00A0C91BC942}") = "Vector_Sort_Test", "Vector_Sort_Test\Vector_Sort_Test.vcxproj", "{D4F06CD7-1B47-4027-8C77-DC6D014E18C5}"
EndProject
Project("{8BC9CEB8-8B4A-11D0-8D11-00A0C91BC942}") = "Search_Test", "Search_Test\Search_Test.vcxproj", "{BC4C4B68-9BFE-495C-87C2-28046412026D}"
EndProject
Project("{8BC9CEB8-8B4A-11D0-8D11-00A0C91BC942}") = "Bind_Test", "Bind_Test\Bind_Test.vcxproj", "{949D769F-A812-4F6E-9DC2-F693835A7B31}"
EndProject
Global
	GlobalSection(SolutionConfigurationPlatforms) = preSolution
		Debug|x64 = Debug|x64
		Debug|x86 = Debug|x86
		Release|x64 = Release|x64
		Release|x86 = Release|x86
	EndGlobalSection
	GlobalSection(ProjectConfigurationPlatforms) = postSolution
		{3E2C7F7C-1FE7-4580-807F-F19AF52E5B76}.Debug|x64.ActiveCfg = Debug|x64
		{3E2C7F7C-1FE7-4580-807F-F19AF52E5B76}.Debug|x64.Build.0 = Debug|x64
		{3E2C7F7C-1FE7-4580-807F-F19AF52E5B76}.Debug|x86.ActiveCfg = Debug|Win32
		{3E2C7F7C-1FE7-4580-807F-F19AF52E5B76}.Debug|x86.Build.0 = Debug|Win32
		{3E2C7F7C-1FE7-4580-807F-F19AF52E5B76}.Release|x64.ActiveCfg = Release|x64
		{3E2C7F7C-1FE7-4580-807F-F19AF52E5B76}.Release|x64.Build.0 = Release|x64
		{3E2C7F7C-1FE7-4580-807F-F19AF52E5B76}.Release|x86.ActiveCfg = Release|Win32
		{3E2C7F7C-1FE7-4580-807F-F19AF52E5B76}.Release|x86.Build.0 = Release|Win32
		{D4F06CD7-1B47-4027-8C77-DC6D014E18C5}.Debug|x64.ActiveCfg = Debug|x64
		{D4F06CD7-1B47-4027-8C77-DC6D014E18C5}.Debug|x64.Build.0 = Debug|x64
		{D4F06CD7-1B47-4027-8C77-DC6D014E18C5}.Debug|x86.ActiveCfg = Debug|Win32
		{D4F06CD7-1B47-4027-8C77-DC6D014E18C5}.Debug|x86.Build.0 = Debug|Win32
		{D4F06CD7-1B47-4027-8C77-DC6D014E18C5}.Release|x64.ActiveCfg = Release|x64
		{D4F06CD7-1B47-4027-8C77-DC6D014E18C5}.Release|x64.Build.0 = Release|x64
		{D4F06CD7-1B47-4027-8C77-DC6D014E18C5}.Release|x86.ActiveCfg = Release|Win32
		{D4F06CD7-1B47-4027-8C77-DC6D014E18C5}.Release|x86.Build.0 = Release|Win32
		{BC4C4B68-9BFE-495C-87C2-28046412026D}.Debug|x64.ActiveCfg = Debug|x64
		{BC4C4B68-9BFE-495C-87C2-28046412026D}.Debug|x64.Build.0 = Debug|x64
		{BC4C4B68-9BFE-495C-87C2-28046412026D}.Debug|x86.ActiveCfg = Debug|Win32
		{BC4C4B68-9BFE-495C-87C2-28046412026D}.Debug|x86.Build.0 = Debug|Win32
		{BC4C4B68-9BFE-495C-87C2-28046412026D}.Release|x64.ActiveCfg = Release|x64
		{BC4C4B68-9BFE-495C-87C2-28046412026D}.Release|x64.Build.0 = Release|x64
		{BC4C4B68-9BFE-495C-87C2-28046412026D}.Release|x86.ActiveCfg = Release|Win32
		{BC4C4B68-9BFE-495C-87C2-28046412026D}.Release|x86.Build.0 = Release|Win32
		{949D769F-A812-4F6E-9DC2-F693835A7B31}.Debug|x64.ActiveCfg = Debug|x64
		{949D769F-A812-4F6E-9DC2-F693835A7B31}.Debug|x64.Build.0 = Debug|x64
		{949D769F-A812-4F6E-9DC2-F693835A7B31}.Debug|x86.ActiveCfg = Debug|Win32
		{949D769F-A812-4F6E-9DC2-F693835A7B31}.Debug|x86.Build.0 = Debug|Win32
		{949D769F-A812-4F6E-9DC2-F693835A7B31}.Release|x64.ActiveCfg = Release|x64
		{949D769F-A812-4F6E-9DC2-F693835A7B31}.Release|x64.Build.0 = Release|x64
		{949D769F-A812-4F6E-9DC2-F693835A7B31}.Release|x86.ActiveCfg = Release|Win32
		{949D769F-A812-4F6E-9DC2-F693835A7B31}.Release|x86.Build.0 = Release|Win32
	EndGlobalSection
	GlobalSection(SolutionProperties) = preSolution
		HideSolutionNode = FALSE
	EndGlobalSection
EndGlobal
